// !$*UTF8*$!
{
	archiveVersion = 1;
	classes = {
	};
	objectVersion = 55;
	objects = {

/* Begin PBXBuildFile section */
		7019BE6F4E4957291056F711 /* Pods_challange_challangeUITests.framework in Frameworks */ = {isa = PBXBuildFile; fileRef = 014316F3C993ABEC8774C466 /* Pods_challange_challangeUITests.framework */; };
		77CD1A322875C39F004D9DCD /* AppDelegate.swift in Sources */ = {isa = PBXBuildFile; fileRef = 77CD1A312875C39F004D9DCD /* AppDelegate.swift */; };
		77CD1A362875C39F004D9DCD /* challengeViewController.swift in Sources */ = {isa = PBXBuildFile; fileRef = 77CD1A352875C39F004D9DCD /* challengeViewController.swift */; };
		77CD1A392875C39F004D9DCD /* Main.storyboard in Resources */ = {isa = PBXBuildFile; fileRef = 77CD1A372875C39F004D9DCD /* Main.storyboard */; };
		77CD1A3B2875C3A0004D9DCD /* Assets.xcassets in Resources */ = {isa = PBXBuildFile; fileRef = 77CD1A3A2875C3A0004D9DCD /* Assets.xcassets */; };
		77CD1A3E2875C3A0004D9DCD /* LaunchScreen.storyboard in Resources */ = {isa = PBXBuildFile; fileRef = 77CD1A3C2875C3A0004D9DCD /* LaunchScreen.storyboard */; };
		77CD1A492875C3A0004D9DCD /* challangeTests.swift in Sources */ = {isa = PBXBuildFile; fileRef = 77CD1A482875C3A0004D9DCD /* challangeTests.swift */; };
		77CD1A532875C3A0004D9DCD /* challangeUITests.swift in Sources */ = {isa = PBXBuildFile; fileRef = 77CD1A522875C3A0004D9DCD /* challangeUITests.swift */; };
		77CD1A552875C3A0004D9DCD /* challangeUITestsLaunchTests.swift in Sources */ = {isa = PBXBuildFile; fileRef = 77CD1A542875C3A0004D9DCD /* challangeUITestsLaunchTests.swift */; };
		77CD1A662875C48D004D9DCD /* UIView+Extension.swift in Sources */ = {isa = PBXBuildFile; fileRef = 77CD1A652875C48D004D9DCD /* UIView+Extension.swift */; };
		77CD1A682875C4B0004D9DCD /* ChallengeModel.swift in Sources */ = {isa = PBXBuildFile; fileRef = 77CD1A672875C4B0004D9DCD /* ChallengeModel.swift */; };
		77CD1A6A2875C533004D9DCD /* challengeViewModel.swift in Sources */ = {isa = PBXBuildFile; fileRef = 77CD1A692875C533004D9DCD /* challengeViewModel.swift */; };
		77CD1A6C2875C639004D9DCD /* challengeTableCellViewModel.swift in Sources */ = {isa = PBXBuildFile; fileRef = 77CD1A6B2875C639004D9DCD /* challengeTableCellViewModel.swift */; };
		77CD1A722875C849004D9DCD /* challengeTableViewCell.xib in Resources */ = {isa = PBXBuildFile; fileRef = 77CD1A712875C849004D9DCD /* challengeTableViewCell.xib */; };
		77CD1A742875D816004D9DCD /* challengeDetailViewController.swift in Sources */ = {isa = PBXBuildFile; fileRef = 77CD1A732875D816004D9DCD /* challengeDetailViewController.swift */; };
		8946C7D7CFB25F2A552A7E4C /* Pods_challangeTests.framework in Frameworks */ = {isa = PBXBuildFile; fileRef = CE73864814AC9F96023B7CA8 /* Pods_challangeTests.framework */; };
		F2A3240FF8E2712E08F7913C /* Pods_challange.framework in Frameworks */ = {isa = PBXBuildFile; fileRef = 735F28CD5F2FB3A2DFA0FD15 /* Pods_challange.framework */; };
/* End PBXBuildFile section */

/* Begin PBXContainerItemProxy section */
		77CD1A452875C3A0004D9DCD /* PBXContainerItemProxy */ = {
			isa = PBXContainerItemProxy;
			containerPortal = 77CD1A262875C39F004D9DCD /* Project object */;
			proxyType = 1;
			remoteGlobalIDString = 77CD1A2D2875C39F004D9DCD;
			remoteInfo = challange;
		};
		77CD1A4F2875C3A0004D9DCD /* PBXContainerItemProxy */ = {
			isa = PBXContainerItemProxy;
			containerPortal = 77CD1A262875C39F004D9DCD /* Project object */;
			proxyType = 1;
			remoteGlobalIDString = 77CD1A2D2875C39F004D9DCD;
			remoteInfo = challange;
		};
/* End PBXContainerItemProxy section */

/* Begin PBXFileReference section */
		014316F3C993ABEC8774C466 /* Pods_challange_challangeUITests.framework */ = {isa = PBXFileReference; explicitFileType = wrapper.framework; includeInIndex = 0; path = Pods_challange_challangeUITests.framework; sourceTree = BUILT_PRODUCTS_DIR; };
		5307336823F0062BD72A03E5 /* Pods-challangeTests.release.xcconfig */ = {isa = PBXFileReference; includeInIndex = 1; lastKnownFileType = text.xcconfig; name = "Pods-challangeTests.release.xcconfig"; path = "Target Support Files/Pods-challangeTests/Pods-challangeTests.release.xcconfig"; sourceTree = "<group>"; };
		67A347F975EF0FFAF80AEA36 /* Pods-challange-challangeUITests.release.xcconfig */ = {isa = PBXFileReference; includeInIndex = 1; lastKnownFileType = text.xcconfig; name = "Pods-challange-challangeUITests.release.xcconfig"; path = "Target Support Files/Pods-challange-challangeUITests/Pods-challange-challangeUITests.release.xcconfig"; sourceTree = "<group>"; };
		735F28CD5F2FB3A2DFA0FD15 /* Pods_challange.framework */ = {isa = PBXFileReference; explicitFileType = wrapper.framework; includeInIndex = 0; path = Pods_challange.framework; sourceTree = BUILT_PRODUCTS_DIR; };
		77CD1A2E2875C39F004D9DCD /* challange.app */ = {isa = PBXFileReference; explicitFileType = wrapper.application; includeInIndex = 0; path = challange.app; sourceTree = BUILT_PRODUCTS_DIR; };
		77CD1A312875C39F004D9DCD /* AppDelegate.swift */ = {isa = PBXFileReference; lastKnownFileType = sourcecode.swift; path = AppDelegate.swift; sourceTree = "<group>"; };
		77CD1A352875C39F004D9DCD /* challengeViewController.swift */ = {isa = PBXFileReference; lastKnownFileType = sourcecode.swift; path = challengeViewController.swift; sourceTree = "<group>"; };
		77CD1A382875C39F004D9DCD /* Base */ = {isa = PBXFileReference; lastKnownFileType = file.storyboard; name = Base; path = Base.lproj/Main.storyboard; sourceTree = "<group>"; };
		77CD1A3A2875C3A0004D9DCD /* Assets.xcassets */ = {isa = PBXFileReference; lastKnownFileType = folder.assetcatalog; path = Assets.xcassets; sourceTree = "<group>"; };
		77CD1A3D2875C3A0004D9DCD /* Base */ = {isa = PBXFileReference; lastKnownFileType = file.storyboard; name = Base; path = Base.lproj/LaunchScreen.storyboard; sourceTree = "<group>"; };
		77CD1A3F2875C3A0004D9DCD /* Info.plist */ = {isa = PBXFileReference; lastKnownFileType = text.plist.xml; path = Info.plist; sourceTree = "<group>"; };
		77CD1A442875C3A0004D9DCD /* challangeTests.xctest */ = {isa = PBXFileReference; explicitFileType = wrapper.cfbundle; includeInIndex = 0; path = challangeTests.xctest; sourceTree = BUILT_PRODUCTS_DIR; };
		77CD1A482875C3A0004D9DCD /* challangeTests.swift */ = {isa = PBXFileReference; lastKnownFileType = sourcecode.swift; path = challangeTests.swift; sourceTree = "<group>"; };
		77CD1A4E2875C3A0004D9DCD /* challangeUITests.xctest */ = {isa = PBXFileReference; explicitFileType = wrapper.cfbundle; includeInIndex = 0; path = challangeUITests.xctest; sourceTree = BUILT_PRODUCTS_DIR; };
		77CD1A522875C3A0004D9DCD /* challangeUITests.swift */ = {isa = PBXFileReference; lastKnownFileType = sourcecode.swift; path = challangeUITests.swift; sourceTree = "<group>"; };
		77CD1A542875C3A0004D9DCD /* challangeUITestsLaunchTests.swift */ = {isa = PBXFileReference; lastKnownFileType = sourcecode.swift; path = challangeUITestsLaunchTests.swift; sourceTree = "<group>"; };
		77CD1A652875C48D004D9DCD /* UIView+Extension.swift */ = {isa = PBXFileReference; lastKnownFileType = sourcecode.swift; path = "UIView+Extension.swift"; sourceTree = "<group>"; };
		77CD1A672875C4B0004D9DCD /* ChallengeModel.swift */ = {isa = PBXFileReference; lastKnownFileType = sourcecode.swift; path = ChallengeModel.swift; sourceTree = "<group>"; };
		77CD1A692875C533004D9DCD /* challengeViewModel.swift */ = {isa = PBXFileReference; lastKnownFileType = sourcecode.swift; path = challengeViewModel.swift; sourceTree = "<group>"; };
		77CD1A6B2875C639004D9DCD /* challengeTableCellViewModel.swift */ = {isa = PBXFileReference; lastKnownFileType = sourcecode.swift; path = challengeTableCellViewModel.swift; sourceTree = "<group>"; };
		77CD1A712875C849004D9DCD /* challengeTableViewCell.xib */ = {isa = PBXFileReference; lastKnownFileType = file.xib; path = challengeTableViewCell.xib; sourceTree = "<group>"; };
		77CD1A732875D816004D9DCD /* challengeDetailViewController.swift */ = {isa = PBXFileReference; lastKnownFileType = sourcecode.swift; path = challengeDetailViewController.swift; sourceTree = "<group>"; };
		8109A8BD43CB47E8BA35BC2F /* Pods-challangeTests.debug.xcconfig */ = {isa = PBXFileReference; includeInIndex = 1; lastKnownFileType = text.xcconfig; name = "Pods-challangeTests.debug.xcconfig"; path = "Target Support Files/Pods-challangeTests/Pods-challangeTests.debug.xcconfig"; sourceTree = "<group>"; };
		874929B5613B0F3CB10CDA7D /* Pods-challange.debug.xcconfig */ = {isa = PBXFileReference; includeInIndex = 1; lastKnownFileType = text.xcconfig; name = "Pods-challange.debug.xcconfig"; path = "Target Support Files/Pods-challange/Pods-challange.debug.xcconfig"; sourceTree = "<group>"; };
		CE73864814AC9F96023B7CA8 /* Pods_challangeTests.framework */ = {isa = PBXFileReference; explicitFileType = wrapper.framework; includeInIndex = 0; path = Pods_challangeTests.framework; sourceTree = BUILT_PRODUCTS_DIR; };
		D5019926941993E3F7ADD8C4 /* Pods-challange-challangeUITests.debug.xcconfig */ = {isa = PBXFileReference; includeInIndex = 1; lastKnownFileType = text.xcconfig; name = "Pods-challange-challangeUITests.debug.xcconfig"; path = "Target Support Files/Pods-challange-challangeUITests/Pods-challange-challangeUITests.debug.xcconfig"; sourceTree = "<group>"; };
		F26C2FD52F583DCC2DF0E9F9 /* Pods-challange.release.xcconfig */ = {isa = PBXFileReference; includeInIndex = 1; lastKnownFileType = text.xcconfig; name = "Pods-challange.release.xcconfig"; path = "Target Support Files/Pods-challange/Pods-challange.release.xcconfig"; sourceTree = "<group>"; };
/* End PBXFileReference section */

/* Begin PBXFrameworksBuildPhase section */
		77CD1A2B2875C39F004D9DCD /* Frameworks */ = {
			isa = PBXFrameworksBuildPhase;
			buildActionMask = 2147483647;
			files = (
				F2A3240FF8E2712E08F7913C /* Pods_challange.framework in Frameworks */,
			);
			runOnlyForDeploymentPostprocessing = 0;
		};
		77CD1A412875C3A0004D9DCD /* Frameworks */ = {
			isa = PBXFrameworksBuildPhase;
			buildActionMask = 2147483647;
			files = (
				8946C7D7CFB25F2A552A7E4C /* Pods_challangeTests.framework in Frameworks */,
			);
			runOnlyForDeploymentPostprocessing = 0;
		};
		77CD1A4B2875C3A0004D9DCD /* Frameworks */ = {
			isa = PBXFrameworksBuildPhase;
			buildActionMask = 2147483647;
			files = (
				7019BE6F4E4957291056F711 /* Pods_challange_challangeUITests.framework in Frameworks */,
			);
			runOnlyForDeploymentPostprocessing = 0;
		};
/* End PBXFrameworksBuildPhase section */

/* Begin PBXGroup section */
		77CD1A252875C39F004D9DCD = {
			isa = PBXGroup;
			children = (
				77CD1A302875C39F004D9DCD /* challange */,
				77CD1A472875C3A0004D9DCD /* challangeTests */,
				77CD1A512875C3A0004D9DCD /* challangeUITests */,
				77CD1A2F2875C39F004D9DCD /* Products */,
				E83DD75D958635B09972C298 /* Pods */,
				EF9FAF76C7F817737963D084 /* Frameworks */,
			);
			sourceTree = "<group>";
		};
		77CD1A2F2875C39F004D9DCD /* Products */ = {
			isa = PBXGroup;
			children = (
				77CD1A2E2875C39F004D9DCD /* challange.app */,
				77CD1A442875C3A0004D9DCD /* challangeTests.xctest */,
				77CD1A4E2875C3A0004D9DCD /* challangeUITests.xctest */,
			);
			name = Products;
			sourceTree = "<group>";
		};
		77CD1A302875C39F004D9DCD /* challange */ = {
			isa = PBXGroup;
			children = (
				77CD1A312875C39F004D9DCD /* AppDelegate.swift */,
				77CD1A642875C466004D9DCD /* Controller */,
				77CD1A632875C460004D9DCD /* Model */,
				77CD1A622875C459004D9DCD /* Helper */,
				77CD1A612875C452004D9DCD /* Extension */,
				77CD1A372875C39F004D9DCD /* Main.storyboard */,
				77CD1A3A2875C3A0004D9DCD /* Assets.xcassets */,
				77CD1A3C2875C3A0004D9DCD /* LaunchScreen.storyboard */,
				77CD1A3F2875C3A0004D9DCD /* Info.plist */,
			);
			path = challange;
			sourceTree = "<group>";
		};
		77CD1A472875C3A0004D9DCD /* challangeTests */ = {
			isa = PBXGroup;
			children = (
				77CD1A482875C3A0004D9DCD /* challangeTests.swift */,
			);
			path = challangeTests;
			sourceTree = "<group>";
		};
		77CD1A512875C3A0004D9DCD /* challangeUITests */ = {
			isa = PBXGroup;
			children = (
				77CD1A522875C3A0004D9DCD /* challangeUITests.swift */,
				77CD1A542875C3A0004D9DCD /* challangeUITestsLaunchTests.swift */,
			);
			path = challangeUITests;
			sourceTree = "<group>";
		};
		77CD1A612875C452004D9DCD /* Extension */ = {
			isa = PBXGroup;
			children = (
				77CD1A652875C48D004D9DCD /* UIView+Extension.swift */,
			);
			path = Extension;
			sourceTree = "<group>";
		};
		77CD1A622875C459004D9DCD /* Helper */ = {
			isa = PBXGroup;
			children = (
			);
			path = Helper;
			sourceTree = "<group>";
		};
		77CD1A632875C460004D9DCD /* Model */ = {
			isa = PBXGroup;
			children = (
				77CD1A672875C4B0004D9DCD /* ChallengeModel.swift */,
			);
			path = Model;
			sourceTree = "<group>";
		};
		77CD1A642875C466004D9DCD /* Controller */ = {
			isa = PBXGroup;
			children = (
				77CD1A352875C39F004D9DCD /* challengeViewController.swift */,
				77CD1A692875C533004D9DCD /* challengeViewModel.swift */,
				77CD1A6B2875C639004D9DCD /* challengeTableCellViewModel.swift */,
				77CD1A712875C849004D9DCD /* challengeTableViewCell.xib */,
				77CD1A732875D816004D9DCD /* challengeDetailViewController.swift */,
			);
			path = Controller;
			sourceTree = "<group>";
		};
		E83DD75D958635B09972C298 /* Pods */ = {
			isa = PBXGroup;
			children = (
				874929B5613B0F3CB10CDA7D /* Pods-challange.debug.xcconfig */,
				F26C2FD52F583DCC2DF0E9F9 /* Pods-challange.release.xcconfig */,
				D5019926941993E3F7ADD8C4 /* Pods-challange-challangeUITests.debug.xcconfig */,
				67A347F975EF0FFAF80AEA36 /* Pods-challange-challangeUITests.release.xcconfig */,
				8109A8BD43CB47E8BA35BC2F /* Pods-challangeTests.debug.xcconfig */,
				5307336823F0062BD72A03E5 /* Pods-challangeTests.release.xcconfig */,
			);
			path = Pods;
			sourceTree = "<group>";
		};
		EF9FAF76C7F817737963D084 /* Frameworks */ = {
			isa = PBXGroup;
			children = (
				735F28CD5F2FB3A2DFA0FD15 /* Pods_challange.framework */,
				014316F3C993ABEC8774C466 /* Pods_challange_challangeUITests.framework */,
				CE73864814AC9F96023B7CA8 /* Pods_challangeTests.framework */,
			);
			name = Frameworks;
			sourceTree = "<group>";
		};
/* End PBXGroup section */

/* Begin PBXNativeTarget section */
		77CD1A2D2875C39F004D9DCD /* challange */ = {
			isa = PBXNativeTarget;
			buildConfigurationList = 77CD1A582875C3A0004D9DCD /* Build configuration list for PBXNativeTarget "challange" */;
			buildPhases = (
				0DA87790F3DC84F4F54D098D /* [CP] Check Pods Manifest.lock */,
				77CD1A2A2875C39F004D9DCD /* Sources */,
				77CD1A2B2875C39F004D9DCD /* Frameworks */,
				77CD1A2C2875C39F004D9DCD /* Resources */,
				7E6199D9FCFC1071BA82BB7A /* [CP] Embed Pods Frameworks */,
			);
			buildRules = (
			);
			dependencies = (
			);
			name = challange;
			productName = challange;
			productReference = 77CD1A2E2875C39F004D9DCD /* challange.app */;
			productType = "com.apple.product-type.application";
		};
		77CD1A432875C3A0004D9DCD /* challangeTests */ = {
			isa = PBXNativeTarget;
			buildConfigurationList = 77CD1A5B2875C3A0004D9DCD /* Build configuration list for PBXNativeTarget "challangeTests" */;
			buildPhases = (
				2272C445B29BBC12DFF419CA /* [CP] Check Pods Manifest.lock */,
				77CD1A402875C3A0004D9DCD /* Sources */,
				77CD1A412875C3A0004D9DCD /* Frameworks */,
				77CD1A422875C3A0004D9DCD /* Resources */,
			);
			buildRules = (
			);
			dependencies = (
				77CD1A462875C3A0004D9DCD /* PBXTargetDependency */,
			);
			name = challangeTests;
			productName = challangeTests;
			productReference = 77CD1A442875C3A0004D9DCD /* challangeTests.xctest */;
			productType = "com.apple.product-type.bundle.unit-test";
		};
		77CD1A4D2875C3A0004D9DCD /* challangeUITests */ = {
			isa = PBXNativeTarget;
			buildConfigurationList = 77CD1A5E2875C3A0004D9DCD /* Build configuration list for PBXNativeTarget "challangeUITests" */;
			buildPhases = (
				38A13D8B776E2097EFBB0530 /* [CP] Check Pods Manifest.lock */,
				77CD1A4A2875C3A0004D9DCD /* Sources */,
				77CD1A4B2875C3A0004D9DCD /* Frameworks */,
				77CD1A4C2875C3A0004D9DCD /* Resources */,
				F968E8F6B754B65AD5E3FAC0 /* [CP] Embed Pods Frameworks */,
			);
			buildRules = (
			);
			dependencies = (
				77CD1A502875C3A0004D9DCD /* PBXTargetDependency */,
			);
			name = challangeUITests;
			productName = challangeUITests;
			productReference = 77CD1A4E2875C3A0004D9DCD /* challangeUITests.xctest */;
			productType = "com.apple.product-type.bundle.ui-testing";
		};
/* End PBXNativeTarget section */

/* Begin PBXProject section */
		77CD1A262875C39F004D9DCD /* Project object */ = {
			isa = PBXProject;
			attributes = {
				BuildIndependentTargetsInParallel = 1;
				LastSwiftUpdateCheck = 1310;
				LastUpgradeCheck = 1310;
				TargetAttributes = {
					77CD1A2D2875C39F004D9DCD = {
						CreatedOnToolsVersion = 13.1;
					};
					77CD1A432875C3A0004D9DCD = {
						CreatedOnToolsVersion = 13.1;
						TestTargetID = 77CD1A2D2875C39F004D9DCD;
					};
					77CD1A4D2875C3A0004D9DCD = {
						CreatedOnToolsVersion = 13.1;
						TestTargetID = 77CD1A2D2875C39F004D9DCD;
					};
				};
			};
			buildConfigurationList = 77CD1A292875C39F004D9DCD /* Build configuration list for PBXProject "challange" */;
			compatibilityVersion = "Xcode 13.0";
			developmentRegion = en;
			hasScannedForEncodings = 0;
			knownRegions = (
				en,
				Base,
			);
			mainGroup = 77CD1A252875C39F004D9DCD;
			productRefGroup = 77CD1A2F2875C39F004D9DCD /* Products */;
			projectDirPath = "";
			projectRoot = "";
			targets = (
				77CD1A2D2875C39F004D9DCD /* challange */,
				77CD1A432875C3A0004D9DCD /* challangeTests */,
				77CD1A4D2875C3A0004D9DCD /* challangeUITests */,
			);
		};
/* End PBXProject section */

/* Begin PBXResourcesBuildPhase section */
		77CD1A2C2875C39F004D9DCD /* Resources */ = {
			isa = PBXResourcesBuildPhase;
			buildActionMask = 2147483647;
			files = (
				77CD1A3E2875C3A0004D9DCD /* LaunchScreen.storyboard in Resources */,
				77CD1A722875C849004D9DCD /* challengeTableViewCell.xib in Resources */,
				77CD1A3B2875C3A0004D9DCD /* Assets.xcassets in Resources */,
				77CD1A392875C39F004D9DCD /* Main.storyboard in Resources */,
			);
			runOnlyForDeploymentPostprocessing = 0;
		};
		77CD1A422875C3A0004D9DCD /* Resources */ = {
			isa = PBXResourcesBuildPhase;
			buildActionMask = 2147483647;
			files = (
			);
			runOnlyForDeploymentPostprocessing = 0;
		};
		77CD1A4C2875C3A0004D9DCD /* Resources */ = {
			isa = PBXResourcesBuildPhase;
			buildActionMask = 2147483647;
			files = (
			);
			runOnlyForDeploymentPostprocessing = 0;
		};
/* End PBXResourcesBuildPhase section */

/* Begin PBXShellScriptBuildPhase section */
		0DA87790F3DC84F4F54D098D /* [CP] Check Pods Manifest.lock */ = {
			isa = PBXShellScriptBuildPhase;
			buildActionMask = 2147483647;
			files = (
			);
			inputFileListPaths = (
			);
			inputPaths = (
				"${PODS_PODFILE_DIR_PATH}/Podfile.lock",
				"${PODS_ROOT}/Manifest.lock",
			);
			name = "[CP] Check Pods Manifest.lock";
			outputFileListPaths = (
			);
			outputPaths = (
				"$(DERIVED_FILE_DIR)/Pods-challange-checkManifestLockResult.txt",
			);
			runOnlyForDeploymentPostprocessing = 0;
			shellPath = /bin/sh;
			shellScript = "diff \"${PODS_PODFILE_DIR_PATH}/Podfile.lock\" \"${PODS_ROOT}/Manifest.lock\" > /dev/null\nif [ $? != 0 ] ; then\n    # print error to STDERR\n    echo \"error: The sandbox is not in sync with the Podfile.lock. Run 'pod install' or update your CocoaPods installation.\" >&2\n    exit 1\nfi\n# This output is used by Xcode 'outputs' to avoid re-running this script phase.\necho \"SUCCESS\" > \"${SCRIPT_OUTPUT_FILE_0}\"\n";
			showEnvVarsInLog = 0;
		};
		2272C445B29BBC12DFF419CA /* [CP] Check Pods Manifest.lock */ = {
			isa = PBXShellScriptBuildPhase;
			buildActionMask = 2147483647;
			files = (
			);
			inputFileListPaths = (
			);
			inputPaths = (
				"${PODS_PODFILE_DIR_PATH}/Podfile.lock",
				"${PODS_ROOT}/Manifest.lock",
			);
			name = "[CP] Check Pods Manifest.lock";
			outputFileListPaths = (
			);
			outputPaths = (
				"$(DERIVED_FILE_DIR)/Pods-challangeTests-checkManifestLockResult.txt",
			);
			runOnlyForDeploymentPostprocessing = 0;
			shellPath = /bin/sh;
			shellScript = "diff \"${PODS_PODFILE_DIR_PATH}/Podfile.lock\" \"${PODS_ROOT}/Manifest.lock\" > /dev/null\nif [ $? != 0 ] ; then\n    # print error to STDERR\n    echo \"error: The sandbox is not in sync with the Podfile.lock. Run 'pod install' or update your CocoaPods installation.\" >&2\n    exit 1\nfi\n# This output is used by Xcode 'outputs' to avoid re-running this script phase.\necho \"SUCCESS\" > \"${SCRIPT_OUTPUT_FILE_0}\"\n";
			showEnvVarsInLog = 0;
		};
		38A13D8B776E2097EFBB0530 /* [CP] Check Pods Manifest.lock */ = {
			isa = PBXShellScriptBuildPhase;
			buildActionMask = 2147483647;
			files = (
			);
			inputFileListPaths = (
			);
			inputPaths = (
				"${PODS_PODFILE_DIR_PATH}/Podfile.lock",
				"${PODS_ROOT}/Manifest.lock",
			);
			name = "[CP] Check Pods Manifest.lock";
			outputFileListPaths = (
			);
			outputPaths = (
				"$(DERIVED_FILE_DIR)/Pods-challange-challangeUITests-checkManifestLockResult.txt",
			);
			runOnlyForDeploymentPostprocessing = 0;
			shellPath = /bin/sh;
			shellScript = "diff \"${PODS_PODFILE_DIR_PATH}/Podfile.lock\" \"${PODS_ROOT}/Manifest.lock\" > /dev/null\nif [ $? != 0 ] ; then\n    # print error to STDERR\n    echo \"error: The sandbox is not in sync with the Podfile.lock. Run 'pod install' or update your CocoaPods installation.\" >&2\n    exit 1\nfi\n# This output is used by Xcode 'outputs' to avoid re-running this script phase.\necho \"SUCCESS\" > \"${SCRIPT_OUTPUT_FILE_0}\"\n";
			showEnvVarsInLog = 0;
		};
		7E6199D9FCFC1071BA82BB7A /* [CP] Embed Pods Frameworks */ = {
			isa = PBXShellScriptBuildPhase;
			buildActionMask = 2147483647;
			files = (
			);
			inputFileListPaths = (
				"${PODS_ROOT}/Target Support Files/Pods-challange/Pods-challange-frameworks-${CONFIGURATION}-input-files.xcfilelist",
			);
			name = "[CP] Embed Pods Frameworks";
			outputFileListPaths = (
				"${PODS_ROOT}/Target Support Files/Pods-challange/Pods-challange-frameworks-${CONFIGURATION}-output-files.xcfilelist",
			);
			runOnlyForDeploymentPostprocessing = 0;
			shellPath = /bin/sh;
			shellScript = "\"${PODS_ROOT}/Target Support Files/Pods-challange/Pods-challange-frameworks.sh\"\n";
			showEnvVarsInLog = 0;
		};
		F968E8F6B754B65AD5E3FAC0 /* [CP] Embed Pods Frameworks */ = {
			isa = PBXShellScriptBuildPhase;
			buildActionMask = 2147483647;
			files = (
			);
			inputFileListPaths = (
				"${PODS_ROOT}/Target Support Files/Pods-challange-challangeUITests/Pods-challange-challangeUITests-frameworks-${CONFIGURATION}-input-files.xcfilelist",
			);
			name = "[CP] Embed Pods Frameworks";
			outputFileListPaths = (
				"${PODS_ROOT}/Target Support Files/Pods-challange-challangeUITests/Pods-challange-challangeUITests-frameworks-${CONFIGURATION}-output-files.xcfilelist",
			);
			runOnlyForDeploymentPostprocessing = 0;
			shellPath = /bin/sh;
			shellScript = "\"${PODS_ROOT}/Target Support Files/Pods-challange-challangeUITests/Pods-challange-challangeUITests-frameworks.sh\"\n";
			showEnvVarsInLog = 0;
		};
/* End PBXShellScriptBuildPhase section */

/* Begin PBXSourcesBuildPhase section */
		77CD1A2A2875C39F004D9DCD /* Sources */ = {
			isa = PBXSourcesBuildPhase;
			buildActionMask = 2147483647;
			files = (
				77CD1A362875C39F004D9DCD /* challengeViewController.swift in Sources */,
				77CD1A742875D816004D9DCD /* challengeDetailViewController.swift in Sources */,
				77CD1A6C2875C639004D9DCD /* challengeTableCellViewModel.swift in Sources */,
				77CD1A682875C4B0004D9DCD /* ChallengeModel.swift in Sources */,
				77CD1A322875C39F004D9DCD /* AppDelegate.swift in Sources */,
				77CD1A662875C48D004D9DCD /* UIView+Extension.swift in Sources */,
				77CD1A6A2875C533004D9DCD /* challengeViewModel.swift in Sources */,
			);
			runOnlyForDeploymentPostprocessing = 0;
		};
		77CD1A402875C3A0004D9DCD /* Sources */ = {
			isa = PBXSourcesBuildPhase;
			buildActionMask = 2147483647;
			files = (
				77CD1A492875C3A0004D9DCD /* challangeTests.swift in Sources */,
			);
			runOnlyForDeploymentPostprocessing = 0;
		};
		77CD1A4A2875C3A0004D9DCD /* Sources */ = {
			isa = PBXSourcesBuildPhase;
			buildActionMask = 2147483647;
			files = (
				77CD1A552875C3A0004D9DCD /* challangeUITestsLaunchTests.swift in Sources */,
				77CD1A532875C3A0004D9DCD /* challangeUITests.swift in Sources */,
			);
			runOnlyForDeploymentPostprocessing = 0;
		};
/* End PBXSourcesBuildPhase section */

/* Begin PBXTargetDependency section */
		77CD1A462875C3A0004D9DCD /* PBXTargetDependency */ = {
			isa = PBXTargetDependency;
			target = 77CD1A2D2875C39F004D9DCD /* challange */;
			targetProxy = 77CD1A452875C3A0004D9DCD /* PBXContainerItemProxy */;
		};
		77CD1A502875C3A0004D9DCD /* PBXTargetDependency */ = {
			isa = PBXTargetDependency;
			target = 77CD1A2D2875C39F004D9DCD /* challange */;
			targetProxy = 77CD1A4F2875C3A0004D9DCD /* PBXContainerItemProxy */;
		};
/* End PBXTargetDependency section */

/* Begin PBXVariantGroup section */
		77CD1A372875C39F004D9DCD /* Main.storyboard */ = {
			isa = PBXVariantGroup;
			children = (
				77CD1A382875C39F004D9DCD /* Base */,
			);
			name = Main.storyboard;
			sourceTree = "<group>";
		};
		77CD1A3C2875C3A0004D9DCD /* LaunchScreen.storyboard */ = {
			isa = PBXVariantGroup;
			children = (
				77CD1A3D2875C3A0004D9DCD /* Base */,
			);
			name = LaunchScreen.storyboard;
			sourceTree = "<group>";
		};
/* End PBXVariantGroup section */

/* Begin XCBuildConfiguration section */
		77CD1A562875C3A0004D9DCD /* Debug */ = {
			isa = XCBuildConfiguration;
			buildSettings = {
				ALWAYS_SEARCH_USER_PATHS = NO;
				CLANG_ANALYZER_NONNULL = YES;
				CLANG_ANALYZER_NUMBER_OBJECT_CONVERSION = YES_AGGRESSIVE;
				CLANG_CXX_LANGUAGE_STANDARD = "gnu++17";
				CLANG_CXX_LIBRARY = "libc++";
				CLANG_ENABLE_MODULES = YES;
				CLANG_ENABLE_OBJC_ARC = YES;
				CLANG_ENABLE_OBJC_WEAK = YES;
				CLANG_WARN_BLOCK_CAPTURE_AUTORELEASING = YES;
				CLANG_WARN_BOOL_CONVERSION = YES;
				CLANG_WARN_COMMA = YES;
				CLANG_WARN_CONSTANT_CONVERSION = YES;
				CLANG_WARN_DEPRECATED_OBJC_IMPLEMENTATIONS = YES;
				CLANG_WARN_DIRECT_OBJC_ISA_USAGE = YES_ERROR;
				CLANG_WARN_DOCUMENTATION_COMMENTS = YES;
				CLANG_WARN_EMPTY_BODY = YES;
				CLANG_WARN_ENUM_CONVERSION = YES;
				CLANG_WARN_INFINITE_RECURSION = YES;
				CLANG_WARN_INT_CONVERSION = YES;
				CLANG_WARN_NON_LITERAL_NULL_CONVERSION = YES;
				CLANG_WARN_OBJC_IMPLICIT_RETAIN_SELF = YES;
				CLANG_WARN_OBJC_LITERAL_CONVERSION = YES;
				CLANG_WARN_OBJC_ROOT_CLASS = YES_ERROR;
				CLANG_WARN_QUOTED_INCLUDE_IN_FRAMEWORK_HEADER = YES;
				CLANG_WARN_RANGE_LOOP_ANALYSIS = YES;
				CLANG_WARN_STRICT_PROTOTYPES = YES;
				CLANG_WARN_SUSPICIOUS_MOVE = YES;
				CLANG_WARN_UNGUARDED_AVAILABILITY = YES_AGGRESSIVE;
				CLANG_WARN_UNREACHABLE_CODE = YES;
				CLANG_WARN__DUPLICATE_METHOD_MATCH = YES;
				COPY_PHASE_STRIP = NO;
				DEBUG_INFORMATION_FORMAT = dwarf;
				ENABLE_STRICT_OBJC_MSGSEND = YES;
				ENABLE_TESTABILITY = YES;
				GCC_C_LANGUAGE_STANDARD = gnu11;
				GCC_DYNAMIC_NO_PIC = NO;
				GCC_NO_COMMON_BLOCKS = YES;
				GCC_OPTIMIZATION_LEVEL = 0;
				GCC_PREPROCESSOR_DEFINITIONS = (
					"DEBUG=1",
					"$(inherited)",
				);
				GCC_WARN_64_TO_32_BIT_CONVERSION = YES;
				GCC_WARN_ABOUT_RETURN_TYPE = YES_ERROR;
				GCC_WARN_UNDECLARED_SELECTOR = YES;
				GCC_WARN_UNINITIALIZED_AUTOS = YES_AGGRESSIVE;
				GCC_WARN_UNUSED_FUNCTION = YES;
				GCC_WARN_UNUSED_VARIABLE = YES;
				IPHONEOS_DEPLOYMENT_TARGET = 15.0;
				MTL_ENABLE_DEBUG_INFO = INCLUDE_SOURCE;
				MTL_FAST_MATH = YES;
				ONLY_ACTIVE_ARCH = YES;
				SDKROOT = iphoneos;
				SWIFT_ACTIVE_COMPILATION_CONDITIONS = DEBUG;
				SWIFT_OPTIMIZATION_LEVEL = "-Onone";
			};
			name = Debug;
		};
		77CD1A572875C3A0004D9DCD /* Release */ = {
			isa = XCBuildConfiguration;
			buildSettings = {
				ALWAYS_SEARCH_USER_PATHS = NO;
				CLANG_ANALYZER_NONNULL = YES;
				CLANG_ANALYZER_NUMBER_OBJECT_CONVERSION = YES_AGGRESSIVE;
				CLANG_CXX_LANGUAGE_STANDARD = "gnu++17";
				CLANG_CXX_LIBRARY = "libc++";
				CLANG_ENABLE_MODULES = YES;
				CLANG_ENABLE_OBJC_ARC = YES;
				CLANG_ENABLE_OBJC_WEAK = YES;
				CLANG_WARN_BLOCK_CAPTURE_AUTORELEASING = YES;
				CLANG_WARN_BOOL_CONVERSION = YES;
				CLANG_WARN_COMMA = YES;
				CLANG_WARN_CONSTANT_CONVERSION = YES;
				CLANG_WARN_DEPRECATED_OBJC_IMPLEMENTATIONS = YES;
				CLANG_WARN_DIRECT_OBJC_ISA_USAGE = YES_ERROR;
				CLANG_WARN_DOCUMENTATION_COMMENTS = YES;
				CLANG_WARN_EMPTY_BODY = YES;
				CLANG_WARN_ENUM_CONVERSION = YES;
				CLANG_WARN_INFINITE_RECURSION = YES;
				CLANG_WARN_INT_CONVERSION = YES;
				CLANG_WARN_NON_LITERAL_NULL_CONVERSION = YES;
				CLANG_WARN_OBJC_IMPLICIT_RETAIN_SELF = YES;
				CLANG_WARN_OBJC_LITERAL_CONVERSION = YES;
				CLANG_WARN_OBJC_ROOT_CLASS = YES_ERROR;
				CLANG_WARN_QUOTED_INCLUDE_IN_FRAMEWORK_HEADER = YES;
				CLANG_WARN_RANGE_LOOP_ANALYSIS = YES;
				CLANG_WARN_STRICT_PROTOTYPES = YES;
				CLANG_WARN_SUSPICIOUS_MOVE = YES;
				CLANG_WARN_UNGUARDED_AVAILABILITY = YES_AGGRESSIVE;
				CLANG_WARN_UNREACHABLE_CODE = YES;
				CLANG_WARN__DUPLICATE_METHOD_MATCH = YES;
				COPY_PHASE_STRIP = NO;
				DEBUG_INFORMATION_FORMAT = "dwarf-with-dsym";
				ENABLE_NS_ASSERTIONS = NO;
				ENABLE_STRICT_OBJC_MSGSEND = YES;
				GCC_C_LANGUAGE_STANDARD = gnu11;
				GCC_NO_COMMON_BLOCKS = YES;
				GCC_WARN_64_TO_32_BIT_CONVERSION = YES;
				GCC_WARN_ABOUT_RETURN_TYPE = YES_ERROR;
				GCC_WARN_UNDECLARED_SELECTOR = YES;
				GCC_WARN_UNINITIALIZED_AUTOS = YES_AGGRESSIVE;
				GCC_WARN_UNUSED_FUNCTION = YES;
				GCC_WARN_UNUSED_VARIABLE = YES;
				IPHONEOS_DEPLOYMENT_TARGET = 15.0;
				MTL_ENABLE_DEBUG_INFO = NO;
				MTL_FAST_MATH = YES;
				SDKROOT = iphoneos;
				SWIFT_COMPILATION_MODE = wholemodule;
				SWIFT_OPTIMIZATION_LEVEL = "-O";
				VALIDATE_PRODUCT = YES;
			};
			name = Release;
		};
		77CD1A592875C3A0004D9DCD /* Debug */ = {
			isa = XCBuildConfiguration;
			baseConfigurationReference = 874929B5613B0F3CB10CDA7D /* Pods-challange.debug.xcconfig */;
			buildSettings = {
				ASSETCATALOG_COMPILER_APPICON_NAME = AppIcon;
				ASSETCATALOG_COMPILER_GLOBAL_ACCENT_COLOR_NAME = AccentColor;
				CODE_SIGN_STYLE = Automatic;
				CURRENT_PROJECT_VERSION = 1;
				GENERATE_INFOPLIST_FILE = YES;
				INFOPLIST_FILE = challange/Info.plist;
				INFOPLIST_KEY_UIApplicationSupportsIndirectInputEvents = YES;
				INFOPLIST_KEY_UILaunchStoryboardName = LaunchScreen;
				INFOPLIST_KEY_UIMainStoryboardFile = Main;
				INFOPLIST_KEY_UISupportedInterfaceOrientations_iPad = "UIInterfaceOrientationPortrait UIInterfaceOrientationPortraitUpsideDown UIInterfaceOrientationLandscapeLeft UIInterfaceOrientationLandscapeRight";
				INFOPLIST_KEY_UISupportedInterfaceOrientations_iPhone = "UIInterfaceOrientationPortrait UIInterfaceOrientationLandscapeLeft UIInterfaceOrientationLandscapeRight";
				LD_RUNPATH_SEARCH_PATHS = (
					"$(inherited)",
					"@executable_path/Frameworks",
				);
				MARKETING_VERSION = 1.0;
				PRODUCT_BUNDLE_IDENTIFIER = com.challange.case.challange;
				PRODUCT_NAME = "$(TARGET_NAME)";
				SWIFT_EMIT_LOC_STRINGS = YES;
				SWIFT_VERSION = 5.0;
				TARGETED_DEVICE_FAMILY = "1,2";
			};
			name = Debug;
		};
		77CD1A5A2875C3A0004D9DCD /* Release */ = {
			isa = XCBuildConfiguration;
			baseConfigurationReference = F26C2FD52F583DCC2DF0E9F9 /* Pods-challange.release.xcconfig */;
			buildSettings = {
				ASSETCATALOG_COMPILER_APPICON_NAME = AppIcon;
				ASSETCATALOG_COMPILER_GLOBAL_ACCENT_COLOR_NAME = AccentColor;
				CODE_SIGN_STYLE = Automatic;
				CURRENT_PROJECT_VERSION = 1;
				GENERATE_INFOPLIST_FILE = YES;
				INFOPLIST_FILE = challange/Info.plist;
				INFOPLIST_KEY_UIApplicationSupportsIndirectInputEvents = YES;
				INFOPLIST_KEY_UILaunchStoryboardName = LaunchScreen;
				INFOPLIST_KEY_UIMainStoryboardFile = Main;
				INFOPLIST_KEY_UISupportedInterfaceOrientations_iPad = "UIInterfaceOrientationPortrait UIInterfaceOrientationPortraitUpsideDown UIInterfaceOrientationLandscapeLeft UIInterfaceOrientationLandscapeRight";
				INFOPLIST_KEY_UISupportedInterfaceOrientations_iPhone = "UIInterfaceOrientationPortrait UIInterfaceOrientationLandscapeLeft UIInterfaceOrientationLandscapeRight";
				LD_RUNPATH_SEARCH_PATHS = (
					"$(inherited)",
					"@executable_path/Frameworks",
				);
				MARKETING_VERSION = 1.0;
				PRODUCT_BUNDLE_IDENTIFIER = com.challange.case.challange;
				PRODUCT_NAME = "$(TARGET_NAME)";
				SWIFT_EMIT_LOC_STRINGS = YES;
				SWIFT_VERSION = 5.0;
				TARGETED_DEVICE_FAMILY = "1,2";
			};
			name = Release;
		};
		77CD1A5C2875C3A0004D9DCD /* Debug */ = {
			isa = XCBuildConfiguration;
			baseConfigurationReference = 8109A8BD43CB47E8BA35BC2F /* Pods-challangeTests.debug.xcconfig */;
			buildSettings = {
				ALWAYS_EMBED_SWIFT_STANDARD_LIBRARIES = YES;
				BUNDLE_LOADER = "$(TEST_HOST)";
				CODE_SIGN_STYLE = Automatic;
				CURRENT_PROJECT_VERSION = 1;
				GENERATE_INFOPLIST_FILE = YES;
				IPHONEOS_DEPLOYMENT_TARGET = 15.0;
				LD_RUNPATH_SEARCH_PATHS = (
					"$(inherited)",
					"@executable_path/Frameworks",
					"@loader_path/Frameworks",
				);
				MARKETING_VERSION = 1.0;
				PRODUCT_BUNDLE_IDENTIFIER = com.challange.case.challangeTests;
				PRODUCT_NAME = "$(TARGET_NAME)";
				SWIFT_EMIT_LOC_STRINGS = NO;
				SWIFT_VERSION = 5.0;
				TARGETED_DEVICE_FAMILY = "1,2";
				TEST_HOST = "$(BUILT_PRODUCTS_DIR)/challange.app/challange";
			};
			name = Debug;
		};
		77CD1A5D2875C3A0004D9DCD /* Release */ = {
			isa = XCBuildConfiguration;
			baseConfigurationReference = 5307336823F0062BD72A03E5 /* Pods-challangeTests.release.xcconfig */;
			buildSettings = {
				ALWAYS_EMBED_SWIFT_STANDARD_LIBRARIES = YES;
				BUNDLE_LOADER = "$(TEST_HOST)";
				CODE_SIGN_STYLE = Automatic;
				CURRENT_PROJECT_VERSION = 1;
				GENERATE_INFOPLIST_FILE = YES;
				IPHONEOS_DEPLOYMENT_TARGET = 15.0;
				LD_RUNPATH_SEARCH_PATHS = (
					"$(inherited)",
					"@executable_path/Frameworks",
					"@loader_path/Frameworks",
				);
				MARKETING_VERSION = 1.0;
				PRODUCT_BUNDLE_IDENTIFIER = com.challange.case.challangeTests;
				PRODUCT_NAME = "$(TARGET_NAME)";
				SWIFT_EMIT_LOC_STRINGS = NO;
				SWIFT_VERSION = 5.0;
				TARGETED_DEVICE_FAMILY = "1,2";
				TEST_HOST = "$(BUILT_PRODUCTS_DIR)/challange.app/challange";
			};
			name = Release;
		};
		77CD1A5F2875C3A0004D9DCD /* Debug */ = {
			isa = XCBuildConfiguration;
			baseConfigurationReference = D5019926941993E3F7ADD8C4 /* Pods-challange-challangeUITests.debug.xcconfig */;
			buildSettings = {
				ALWAYS_EMBED_SWIFT_STANDARD_LIBRARIES = YES;
				CODE_SIGN_STYLE = Automatic;
				CURRENT_PROJECT_VERSION = 1;
				GENERATE_INFOPLIST_FILE = YES;
				LD_RUNPATH_SEARCH_PATHS = (
					"$(inherited)",
					"@executable_path/Frameworks",
					"@loader_path/Frameworks",
				);
				MARKETING_VERSION = 1.0;
				PRODUCT_BUNDLE_IDENTIFIER = com.challange.case.challangeUITests;
				PRODUCT_NAME = "$(TARGET_NAME)";
				SWIFT_EMIT_LOC_STRINGS = NO;
				SWIFT_VERSION = 5.0;
				TARGETED_DEVICE_FAMILY = "1,2";
				TEST_TARGET_NAME = challange;
			};
			name = Debug;
		};
		77CD1A602875C3A0004D9DCD /* Release */ = {
			isa = XCBuildConfiguration;
			baseConfigurationReference = 67A347F975EF0FFAF80AEA36 /* Pods-challange-challangeUITests.release.xcconfig */;
			buildSettings = {
				ALWAYS_EMBED_SWIFT_STANDARD_LIBRARIES = YES;
				CODE_SIGN_STYLE = Automatic;
				CURRENT_PROJECT_VERSION = 1;
				GENERATE_INFOPLIST_FILE = YES;
				LD_RUNPATH_SEARCH_PATHS = (
					"$(inherited)",
					"@executable_path/Frameworks",
					"@loader_path/Frameworks",
				);
				MARKETING_VERSION = 1.0;
				PRODUCT_BUNDLE_IDENTIFIER = com.challange.case.challangeUITests;
				PRODUCT_NAME = "$(TARGET_NAME)";
				SWIFT_EMIT_LOC_STRINGS = NO;
				SWIFT_VERSION = 5.0;
				TARGETED_DEVICE_FAMILY = "1,2";
				TEST_TARGET_NAME = challange;
			};
			name = Release;
		};
/* End XCBuildConfiguration section */

/* Begin XCConfigurationList section */
		77CD1A292875C39F004D9DCD /* Build configuration list for PBXProject "challange" */ = {
			isa = XCConfigurationList;
			buildConfigurations = (
				77CD1A562875C3A0004D9DCD /* Debug */,
				77CD1A572875C3A0004D9DCD /* Release */,
			);
			defaultConfigurationIsVisible = 0;
			defaultConfigurationName = Release;
		};
		77CD1A582875C3A0004D9DCD /* Build configuration list for PBXNativeTarget "challange" */ = {
			isa = XCConfigurationList;
			buildConfigurations = (
				77CD1A592875C3A0004D9DCD /* Debug */,
				77CD1A5A2875C3A0004D9DCD /* Release */,
			);
			defaultConfigurationIsVisible = 0;
			defaultConfigurationName = Release;
		};
		77CD1A5B2875C3A0004D9DCD /* Build configuration list for PBXNativeTarget "challangeTests" */ = {
			isa = XCConfigurationList;
			buildConfigurations = (
				77CD1A5C2875C3A0004D9DCD /* Debug */,
				77CD1A5D2875C3A0004D9DCD /* Release */,
			);
			defaultConfigurationIsVisible = 0;
			defaultConfigurationName = Release;
		};
		77CD1A5E2875C3A0004D9DCD /* Build configuration list for PBXNativeTarget "challangeUITests" */ = {
			isa = XCConfigurationList;
			buildConfigurations = (
				77CD1A5F2875C3A0004D9DCD /* Debug */,
				77CD1A602875C3A0004D9DCD /* Release */,
			);
			defaultConfigurationIsVisible = 0;
			defaultConfigurationName = Release;
		};
/* End XCConfigurationList section */
	};
	rootObject = 77CD1A262875C39F004D9DCD /* Project object */;
}
